// !$*UTF8*$!
{
	archiveVersion = 1;
	classes = {
	};
	objectVersion = 56;
	objects = {

/* Begin PBXBuildFile section */
		769144DC29227C6600A4B028 /* NetflixLoginPageApp.swift in Sources */ = {isa = PBXBuildFile; fileRef = 769144DB29227C6600A4B028 /* NetflixLoginPageApp.swift */; };
		769144DE29227C6600A4B028 /* ContentView.swift in Sources */ = {isa = PBXBuildFile; fileRef = 769144DD29227C6600A4B028 /* ContentView.swift */; };
		769144E029227C6700A4B028 /* Assets.xcassets in Resources */ = {isa = PBXBuildFile; fileRef = 769144DF29227C6700A4B028 /* Assets.xcassets */; };
		769144E329227C6700A4B028 /* Preview Assets.xcassets in Resources */ = {isa = PBXBuildFile; fileRef = 769144E229227C6700A4B028 /* Preview Assets.xcassets */; };
		769144ED29227C6700A4B028 /* NetflixLoginPageTests.swift in Sources */ = {isa = PBXBuildFile; fileRef = 769144EC29227C6700A4B028 /* NetflixLoginPageTests.swift */; };
		769144F729227C6700A4B028 /* NetflixLoginPageUITests.swift in Sources */ = {isa = PBXBuildFile; fileRef = 769144F629227C6700A4B028 /* NetflixLoginPageUITests.swift */; };
		769144F929227C6700A4B028 /* NetflixLoginPageUITestsLaunchTests.swift in Sources */ = {isa = PBXBuildFile; fileRef = 769144F829227C6700A4B028 /* NetflixLoginPageUITestsLaunchTests.swift */; };
/* End PBXBuildFile section */

/* Begin PBXContainerItemProxy section */
		769144E929227C6700A4B028 /* PBXContainerItemProxy */ = {
			isa = PBXContainerItemProxy;
			containerPortal = 769144D029227C6600A4B028 /* Project object */;
			proxyType = 1;
			remoteGlobalIDString = 769144D729227C6600A4B028;
			remoteInfo = NetflixLoginPage;
		};
		769144F329227C6700A4B028 /* PBXContainerItemProxy */ = {
			isa = PBXContainerItemProxy;
			containerPortal = 769144D029227C6600A4B028 /* Project object */;
			proxyType = 1;
			remoteGlobalIDString = 769144D729227C6600A4B028;
			remoteInfo = NetflixLoginPage;
		};
/* End PBXContainerItemProxy section */

/* Begin PBXFileReference section */
		769144D829227C6600A4B028 /* NetflixLoginPage.app */ = {isa = PBXFileReference; explicitFileType = wrapper.application; includeInIndex = 0; path = NetflixLoginPage.app; sourceTree = BUILT_PRODUCTS_DIR; };
		769144DB29227C6600A4B028 /* NetflixLoginPageApp.swift */ = {isa = PBXFileReference; lastKnownFileType = sourcecode.swift; path = NetflixLoginPageApp.swift; sourceTree = "<group>"; };
		769144DD29227C6600A4B028 /* ContentView.swift */ = {isa = PBXFileReference; lastKnownFileType = sourcecode.swift; path = ContentView.swift; sourceTree = "<group>"; };
		769144DF29227C6700A4B028 /* Assets.xcassets */ = {isa = PBXFileReference; lastKnownFileType = folder.assetcatalog; path = Assets.xcassets; sourceTree = "<group>"; };
		769144E229227C6700A4B028 /* Preview Assets.xcassets */ = {isa = PBXFileReference; lastKnownFileType = folder.assetcatalog; path = "Preview Assets.xcassets"; sourceTree = "<group>"; };
		769144E829227C6700A4B028 /* NetflixLoginPageTests.xctest */ = {isa = PBXFileReference; explicitFileType = wrapper.cfbundle; includeInIndex = 0; path = NetflixLoginPageTests.xctest; sourceTree = BUILT_PRODUCTS_DIR; };
		769144EC29227C6700A4B028 /* NetflixLoginPageTests.swift */ = {isa = PBXFileReference; lastKnownFileType = sourcecode.swift; path = NetflixLoginPageTests.swift; sourceTree = "<group>"; };
		769144F229227C6700A4B028 /* NetflixLoginPageUITests.xctest */ = {isa = PBXFileReference; explicitFileType = wrapper.cfbundle; includeInIndex = 0; path = NetflixLoginPageUITests.xctest; sourceTree = BUILT_PRODUCTS_DIR; };
		769144F629227C6700A4B028 /* NetflixLoginPageUITests.swift */ = {isa = PBXFileReference; lastKnownFileType = sourcecode.swift; path = NetflixLoginPageUITests.swift; sourceTree = "<group>"; };
		769144F829227C6700A4B028 /* NetflixLoginPageUITestsLaunchTests.swift */ = {isa = PBXFileReference; lastKnownFileType = sourcecode.swift; path = NetflixLoginPageUITestsLaunchTests.swift; sourceTree = "<group>"; };
/* End PBXFileReference section */

/* Begin PBXFrameworksBuildPhase section */
		769144D529227C6600A4B028 /* Frameworks */ = {
			isa = PBXFrameworksBuildPhase;
			buildActionMask = 2147483647;
			files = (
			);
			runOnlyForDeploymentPostprocessing = 0;
		};
		769144E529227C6700A4B028 /* Frameworks */ = {
			isa = PBXFrameworksBuildPhase;
			buildActionMask = 2147483647;
			files = (
			);
			runOnlyForDeploymentPostprocessing = 0;
		};
		769144EF29227C6700A4B028 /* Frameworks */ = {
			isa = PBXFrameworksBuildPhase;
			buildActionMask = 2147483647;
			files = (
			);
			runOnlyForDeploymentPostprocessing = 0;
		};
/* End PBXFrameworksBuildPhase section */

/* Begin PBXGroup section */
		769144CF29227C6600A4B028 = {
			isa = PBXGroup;
			children = (
				769144DA29227C6600A4B028 /* NetflixLoginPage */,
				769144EB29227C6700A4B028 /* NetflixLoginPageTests */,
				769144F529227C6700A4B028 /* NetflixLoginPageUITests */,
				769144D929227C6600A4B028 /* Products */,
			);
			sourceTree = "<group>";
		};
		769144D929227C6600A4B028 /* Products */ = {
			isa = PBXGroup;
			children = (
				769144D829227C6600A4B028 /* NetflixLoginPage.app */,
				769144E829227C6700A4B028 /* NetflixLoginPageTests.xctest */,
				769144F229227C6700A4B028 /* NetflixLoginPageUITests.xctest */,
			);
			name = Products;
			sourceTree = "<group>";
		};
		769144DA29227C6600A4B028 /* NetflixLoginPage */ = {
			isa = PBXGroup;
			children = (
				769144DB29227C6600A4B028 /* NetflixLoginPageApp.swift */,
				769144DD29227C6600A4B028 /* ContentView.swift */,
				769144DF29227C6700A4B028 /* Assets.xcassets */,
				769144E129227C6700A4B028 /* Preview Content */,
			);
			path = NetflixLoginPage;
			sourceTree = "<group>";
		};
		769144E129227C6700A4B028 /* Preview Content */ = {
			isa = PBXGroup;
			children = (
				769144E229227C6700A4B028 /* Preview Assets.xcassets */,
			);
			path = "Preview Content";
			sourceTree = "<group>";
		};
		769144EB29227C6700A4B028 /* NetflixLoginPageTests */ = {
			isa = PBXGroup;
			children = (
				769144EC29227C6700A4B028 /* NetflixLoginPageTests.swift */,
			);
			path = NetflixLoginPageTests;
			sourceTree = "<group>";
		};
		769144F529227C6700A4B028 /* NetflixLoginPageUITests */ = {
			isa = PBXGroup;
			children = (
				769144F629227C6700A4B028 /* NetflixLoginPageUITests.swift */,
				769144F829227C6700A4B028 /* NetflixLoginPageUITestsLaunchTests.swift */,
			);
			path = NetflixLoginPageUITests;
			sourceTree = "<group>";
		};
/* End PBXGroup section */

/* Begin PBXNativeTarget section */
		769144D729227C6600A4B028 /* NetflixLoginPage */ = {
			isa = PBXNativeTarget;
			buildConfigurationList = 769144FC29227C6700A4B028 /* Build configuration list for PBXNativeTarget "NetflixLoginPage" */;
			buildPhases = (
				769144D429227C6600A4B028 /* Sources */,
				769144D529227C6600A4B028 /* Frameworks */,
				769144D629227C6600A4B028 /* Resources */,
			);
			buildRules = (
			);
			dependencies = (
			);
			name = NetflixLoginPage;
			productName = NetflixLoginPage;
			productReference = 769144D829227C6600A4B028 /* NetflixLoginPage.app */;
			productType = "com.apple.product-type.application";
		};
		769144E729227C6700A4B028 /* NetflixLoginPageTests */ = {
			isa = PBXNativeTarget;
			buildConfigurationList = 769144FF29227C6700A4B028 /* Build configuration list for PBXNativeTarget "NetflixLoginPageTests" */;
			buildPhases = (
				769144E429227C6700A4B028 /* Sources */,
				769144E529227C6700A4B028 /* Frameworks */,
				769144E629227C6700A4B028 /* Resources */,
			);
			buildRules = (
			);
			dependencies = (
				769144EA29227C6700A4B028 /* PBXTargetDependency */,
			);
			name = NetflixLoginPageTests;
			productName = NetflixLoginPageTests;
			productReference = 769144E829227C6700A4B028 /* NetflixLoginPageTests.xctest */;
			productType = "com.apple.product-type.bundle.unit-test";
		};
		769144F129227C6700A4B028 /* NetflixLoginPageUITests */ = {
			isa = PBXNativeTarget;
			buildConfigurationList = 7691450229227C6700A4B028 /* Build configuration list for PBXNativeTarget "NetflixLoginPageUITests" */;
			buildPhases = (
				769144EE29227C6700A4B028 /* Sources */,
				769144EF29227C6700A4B028 /* Frameworks */,
				769144F029227C6700A4B028 /* Resources */,
			);
			buildRules = (
			);
			dependencies = (
				769144F429227C6700A4B028 /* PBXTargetDependency */,
			);
			name = NetflixLoginPageUITests;
			productName = NetflixLoginPageUITests;
			productReference = 769144F229227C6700A4B028 /* NetflixLoginPageUITests.xctest */;
			productType = "com.apple.product-type.bundle.ui-testing";
		};
/* End PBXNativeTarget section */

/* Begin PBXProject section */
		769144D029227C6600A4B028 /* Project object */ = {
			isa = PBXProject;
			attributes = {
				BuildIndependentTargetsInParallel = 1;
				LastSwiftUpdateCheck = 1410;
				LastUpgradeCheck = 1410;
				TargetAttributes = {
					769144D729227C6600A4B028 = {
						CreatedOnToolsVersion = 14.1;
					};
					769144E729227C6700A4B028 = {
						CreatedOnToolsVersion = 14.1;
						TestTargetID = 769144D729227C6600A4B028;
					};
					769144F129227C6700A4B028 = {
						CreatedOnToolsVersion = 14.1;
						TestTargetID = 769144D729227C6600A4B028;
					};
				};
			};
			buildConfigurationList = 769144D329227C6600A4B028 /* Build configuration list for PBXProject "NetflixLoginPage" */;
			compatibilityVersion = "Xcode 14.0";
			developmentRegion = en;
			hasScannedForEncodings = 0;
			knownRegions = (
				en,
				Base,
			);
			mainGroup = 769144CF29227C6600A4B028;
			productRefGroup = 769144D929227C6600A4B028 /* Products */;
			projectDirPath = "";
			projectRoot = "";
			targets = (
				769144D729227C6600A4B028 /* NetflixLoginPage */,
				769144E729227C6700A4B028 /* NetflixLoginPageTests */,
				769144F129227C6700A4B028 /* NetflixLoginPageUITests */,
			);
		};
/* End PBXProject section */

/* Begin PBXResourcesBuildPhase section */
		769144D629227C6600A4B028 /* Resources */ = {
			isa = PBXResourcesBuildPhase;
			buildActionMask = 2147483647;
			files = (
				769144E329227C6700A4B028 /* Preview Assets.xcassets in Resources */,
				769144E029227C6700A4B028 /* Assets.xcassets in Resources */,
			);
			runOnlyForDeploymentPostprocessing = 0;
		};
		769144E629227C6700A4B028 /* Resources */ = {
			isa = PBXResourcesBuildPhase;
			buildActionMask = 2147483647;
			files = (
			);
			runOnlyForDeploymentPostprocessing = 0;
		};
		769144F029227C6700A4B028 /* Resources */ = {
			isa = PBXResourcesBuildPhase;
			buildActionMask = 2147483647;
			files = (
			);
			runOnlyForDeploymentPostprocessing = 0;
		};
/* End PBXResourcesBuildPhase section */

/* Begin PBXSourcesBuildPhase section */
		769144D429227C6600A4B028 /* Sources */ = {
			isa = PBXSourcesBuildPhase;
			buildActionMask = 2147483647;
			files = (
				769144DE29227C6600A4B028 /* ContentView.swift in Sources */,
				769144DC29227C6600A4B028 /* NetflixLoginPageApp.swift in Sources */,
			);
			runOnlyForDeploymentPostprocessing = 0;
		};
		769144E429227C6700A4B028 /* Sources */ = {
			isa = PBXSourcesBuildPhase;
			buildActionMask = 2147483647;
			files = (
				769144ED29227C6700A4B028 /* NetflixLoginPageTests.swift in Sources */,
			);
			runOnlyForDeploymentPostprocessing = 0;
		};
		769144EE29227C6700A4B028 /* Sources */ = {
			isa = PBXSourcesBuildPhase;
			buildActionMask = 2147483647;
			files = (
				769144F929227C6700A4B028 /* NetflixLoginPageUITestsLaunchTests.swift in Sources */,
				769144F729227C6700A4B028 /* NetflixLoginPageUITests.swift in Sources */,
			);
			runOnlyForDeploymentPostprocessing = 0;
		};
/* End PBXSourcesBuildPhase section */

/* Begin PBXTargetDependency section */
		769144EA29227C6700A4B028 /* PBXTargetDependency */ = {
			isa = PBXTargetDependency;
			target = 769144D729227C6600A4B028 /* NetflixLoginPage */;
			targetProxy = 769144E929227C6700A4B028 /* PBXContainerItemProxy */;
		};
		769144F429227C6700A4B028 /* PBXTargetDependency */ = {
			isa = PBXTargetDependency;
			target = 769144D729227C6600A4B028 /* NetflixLoginPage */;
			targetProxy = 769144F329227C6700A4B028 /* PBXContainerItemProxy */;
		};
/* End PBXTargetDependency section */

/* Begin XCBuildConfiguration section */
		769144FA29227C6700A4B028 /* Debug */ = {
			isa = XCBuildConfiguration;
			buildSettings = {
				ALWAYS_SEARCH_USER_PATHS = NO;
				CLANG_ANALYZER_NONNULL = YES;
				CLANG_ANALYZER_NUMBER_OBJECT_CONVERSION = YES_AGGRESSIVE;
				CLANG_CXX_LANGUAGE_STANDARD = "gnu++20";
				CLANG_ENABLE_MODULES = YES;
				CLANG_ENABLE_OBJC_ARC = YES;
				CLANG_ENABLE_OBJC_WEAK = YES;
				CLANG_WARN_BLOCK_CAPTURE_AUTORELEASING = YES;
				CLANG_WARN_BOOL_CONVERSION = YES;
				CLANG_WARN_COMMA = YES;
				CLANG_WARN_CONSTANT_CONVERSION = YES;
				CLANG_WARN_DEPRECATED_OBJC_IMPLEMENTATIONS = YES;
				CLANG_WARN_DIRECT_OBJC_ISA_USAGE = YES_ERROR;
				CLANG_WARN_DOCUMENTATION_COMMENTS = YES;
				CLANG_WARN_EMPTY_BODY = YES;
				CLANG_WARN_ENUM_CONVERSION = YES;
				CLANG_WARN_INFINITE_RECURSION = YES;
				CLANG_WARN_INT_CONVERSION = YES;
				CLANG_WARN_NON_LITERAL_NULL_CONVERSION = YES;
				CLANG_WARN_OBJC_IMPLICIT_RETAIN_SELF = YES;
				CLANG_WARN_OBJC_LITERAL_CONVERSION = YES;
				CLANG_WARN_OBJC_ROOT_CLASS = YES_ERROR;
				CLANG_WARN_QUOTED_INCLUDE_IN_FRAMEWORK_HEADER = YES;
				CLANG_WARN_RANGE_LOOP_ANALYSIS = YES;
				CLANG_WARN_STRICT_PROTOTYPES = YES;
				CLANG_WARN_SUSPICIOUS_MOVE = YES;
				CLANG_WARN_UNGUARDED_AVAILABILITY = YES_AGGRESSIVE;
				CLANG_WARN_UNREACHABLE_CODE = YES;
				CLANG_WARN__DUPLICATE_METHOD_MATCH = YES;
				COPY_PHASE_STRIP = NO;
				DEBUG_INFORMATION_FORMAT = dwarf;
				ENABLE_STRICT_OBJC_MSGSEND = YES;
				ENABLE_TESTABILITY = YES;
				GCC_C_LANGUAGE_STANDARD = gnu11;
				GCC_DYNAMIC_NO_PIC = NO;
				GCC_NO_COMMON_BLOCKS = YES;
				GCC_OPTIMIZATION_LEVEL = 0;
				GCC_PREPROCESSOR_DEFINITIONS = (
					"DEBUG=1",
					"$(inherited)",
				);
				GCC_WARN_64_TO_32_BIT_CONVERSION = YES;
				GCC_WARN_ABOUT_RETURN_TYPE = YES_ERROR;
				GCC_WARN_UNDECLARED_SELECTOR = YES;
				GCC_WARN_UNINITIALIZED_AUTOS = YES_AGGRESSIVE;
				GCC_WARN_UNUSED_FUNCTION = YES;
				GCC_WARN_UNUSED_VARIABLE = YES;
				IPHONEOS_DEPLOYMENT_TARGET = 16.1;
				MTL_ENABLE_DEBUG_INFO = INCLUDE_SOURCE;
				MTL_FAST_MATH = YES;
				ONLY_ACTIVE_ARCH = YES;
				SDKROOT = iphoneos;
				SWIFT_ACTIVE_COMPILATION_CONDITIONS = DEBUG;
				SWIFT_OPTIMIZATION_LEVEL = "-Onone";
			};
			name = Debug;
		};
		769144FB29227C6700A4B028 /* Release */ = {
			isa = XCBuildConfiguration;
			buildSettings = {
				ALWAYS_SEARCH_USER_PATHS = NO;
				CLANG_ANALYZER_NONNULL = YES;
				CLANG_ANALYZER_NUMBER_OBJECT_CONVERSION = YES_AGGRESSIVE;
				CLANG_CXX_LANGUAGE_STANDARD = "gnu++20";
				CLANG_ENABLE_MODULES = YES;
				CLANG_ENABLE_OBJC_ARC = YES;
				CLANG_ENABLE_OBJC_WEAK = YES;
				CLANG_WARN_BLOCK_CAPTURE_AUTORELEASING = YES;
				CLANG_WARN_BOOL_CONVERSION = YES;
				CLANG_WARN_COMMA = YES;
				CLANG_WARN_CONSTANT_CONVERSION = YES;
				CLANG_WARN_DEPRECATED_OBJC_IMPLEMENTATIONS = YES;
				CLANG_WARN_DIRECT_OBJC_ISA_USAGE = YES_ERROR;
				CLANG_WARN_DOCUMENTATION_COMMENTS = YES;
				CLANG_WARN_EMPTY_BODY = YES;
				CLANG_WARN_ENUM_CONVERSION = YES;
				CLANG_WARN_INFINITE_RECURSION = YES;
				CLANG_WARN_INT_CONVERSION = YES;
				CLANG_WARN_NON_LITERAL_NULL_CONVERSION = YES;
				CLANG_WARN_OBJC_IMPLICIT_RETAIN_SELF = YES;
				CLANG_WARN_OBJC_LITERAL_CONVERSION = YES;
				CLANG_WARN_OBJC_ROOT_CLASS = YES_ERROR;
				CLANG_WARN_QUOTED_INCLUDE_IN_FRAMEWORK_HEADER = YES;
				CLANG_WARN_RANGE_LOOP_ANALYSIS = YES;
				CLANG_WARN_STRICT_PROTOTYPES = YES;
				CLANG_WARN_SUSPICIOUS_MOVE = YES;
				CLANG_WARN_UNGUARDED_AVAILABILITY = YES_AGGRESSIVE;
				CLANG_WARN_UNREACHABLE_CODE = YES;
				CLANG_WARN__DUPLICATE_METHOD_MATCH = YES;
				COPY_PHASE_STRIP = NO;
				DEBUG_INFORMATION_FORMAT = "dwarf-with-dsym";
				ENABLE_NS_ASSERTIONS = NO;
				ENABLE_STRICT_OBJC_MSGSEND = YES;
				GCC_C_LANGUAGE_STANDARD = gnu11;
				GCC_NO_COMMON_BLOCKS = YES;
				GCC_WARN_64_TO_32_BIT_CONVERSION = YES;
				GCC_WARN_ABOUT_RETURN_TYPE = YES_ERROR;
				GCC_WARN_UNDECLARED_SELECTOR = YES;
				GCC_WARN_UNINITIALIZED_AUTOS = YES_AGGRESSIVE;
				GCC_WARN_UNUSED_FUNCTION = YES;
				GCC_WARN_UNUSED_VARIABLE = YES;
				IPHONEOS_DEPLOYMENT_TARGET = 16.1;
				MTL_ENABLE_DEBUG_INFO = NO;
				MTL_FAST_MATH = YES;
				SDKROOT = iphoneos;
				SWIFT_COMPILATION_MODE = wholemodule;
				SWIFT_OPTIMIZATION_LEVEL = "-O";
				VALIDATE_PRODUCT = YES;
			};
			name = Release;
		};
		769144FD29227C6700A4B028 /* Debug */ = {
			isa = XCBuildConfiguration;
			buildSettings = {
				ASSETCATALOG_COMPILER_APPICON_NAME = AppIcon;
				ASSETCATALOG_COMPILER_GLOBAL_ACCENT_COLOR_NAME = AccentColor;
				CODE_SIGN_STYLE = Automatic;
				CURRENT_PROJECT_VERSION = 1;
				DEVELOPMENT_ASSET_PATHS = "\"NetflixLoginPage/Preview Content\"";
				DEVELOPMENT_TEAM = 34VENSFD79;
				ENABLE_PREVIEWS = YES;
				GENERATE_INFOPLIST_FILE = YES;
				INFOPLIST_KEY_UIApplicationSceneManifest_Generation = YES;
				INFOPLIST_KEY_UIApplicationSupportsIndirectInputEvents = YES;
				INFOPLIST_KEY_UILaunchScreen_Generation = YES;
				INFOPLIST_KEY_UISupportedInterfaceOrientations_iPad = "UIInterfaceOrientationPortrait UIInterfaceOrientationPortraitUpsideDown UIInterfaceOrientationLandscapeLeft UIInterfaceOrientationLandscapeRight";
				INFOPLIST_KEY_UISupportedInterfaceOrientations_iPhone = "UIInterfaceOrientationPortrait UIInterfaceOrientationLandscapeLeft UIInterfaceOrientationLandscapeRight";
				LD_RUNPATH_SEARCH_PATHS = (
					"$(inherited)",
					"@executable_path/Frameworks",
				);
				MARKETING_VERSION = 1.0;
				PRODUCT_BUNDLE_IDENTIFIER = com.rodolfocomparsi.NetflixLoginPage;
				PRODUCT_NAME = "$(TARGET_NAME)";
				SWIFT_EMIT_LOC_STRINGS = YES;
				SWIFT_VERSION = 5.0;
				TARGETED_DEVICE_FAMILY = "1,2";
			};
			name = Debug;
		};
		769144FE29227C6700A4B028 /* Release */ = {
			isa = XCBuildConfiguration;
			buildSettings = {
				ASSETCATALOG_COMPILER_APPICON_NAME = AppIcon;
				ASSETCATALOG_COMPILER_GLOBAL_ACCENT_COLOR_NAME = AccentColor;
				CODE_SIGN_STYLE = Automatic;
				CURRENT_PROJECT_VERSION = 1;
				DEVELOPMENT_ASSET_PATHS = "\"NetflixLoginPage/Preview Content\"";
				DEVELOPMENT_TEAM = 34VENSFD79;
				ENABLE_PREVIEWS = YES;
				GENERATE_INFOPLIST_FILE = YES;
				INFOPLIST_KEY_UIApplicationSceneManifest_Generation = YES;
				INFOPLIST_KEY_UIApplicationSupportsIndirectInputEvents = YES;
				INFOPLIST_KEY_UILaunchScreen_Generation = YES;
				INFOPLIST_KEY_UISupportedInterfaceOrientations_iPad = "UIInterfaceOrientationPortrait UIInterfaceOrientationPortraitUpsideDown UIInterfaceOrientationLandscapeLeft UIInterfaceOrientationLandscapeRight";
				INFOPLIST_KEY_UISupportedInterfaceOrientations_iPhone = "UIInterfaceOrientationPortrait UIInterfaceOrientationLandscapeLeft UIInterfaceOrientationLandscapeRight";
				LD_RUNPATH_SEARCH_PATHS = (
					"$(inherited)",
					"@executable_path/Frameworks",
				);
				MARKETING_VERSION = 1.0;
				PRODUCT_BUNDLE_IDENTIFIER = com.rodolfocomparsi.NetflixLoginPage;
				PRODUCT_NAME = "$(TARGET_NAME)";
				SWIFT_EMIT_LOC_STRINGS = YES;
				SWIFT_VERSION = 5.0;
				TARGETED_DEVICE_FAMILY = "1,2";
			};
			name = Release;
		};
		7691450029227C6700A4B028 /* Debug */ = {
			isa = XCBuildConfiguration;
			buildSettings = {
				ALWAYS_EMBED_SWIFT_STANDARD_LIBRARIES = YES;
				BUNDLE_LOADER = "$(TEST_HOST)";
				CODE_SIGN_STYLE = Automatic;
				CURRENT_PROJECT_VERSION = 1;
				DEVELOPMENT_TEAM = 34VENSFD79;
				GENERATE_INFOPLIST_FILE = YES;
				IPHONEOS_DEPLOYMENT_TARGET = 16.1;
				MARKETING_VERSION = 1.0;
				PRODUCT_BUNDLE_IDENTIFIER = com.rodolfocomparsi.NetflixLoginPageTests;
				PRODUCT_NAME = "$(TARGET_NAME)";
				SWIFT_EMIT_LOC_STRINGS = NO;
				SWIFT_VERSION = 5.0;
				TARGETED_DEVICE_FAMILY = "1,2";
				TEST_HOST = "$(BUILT_PRODUCTS_DIR)/NetflixLoginPage.app/$(BUNDLE_EXECUTABLE_FOLDER_PATH)/NetflixLoginPage";
			};
			name = Debug;
		};
		7691450129227C6700A4B028 /* Release */ = {
			isa = XCBuildConfiguration;
			buildSettings = {
				ALWAYS_EMBED_SWIFT_STANDARD_LIBRARIES = YES;
				BUNDLE_LOADER = "$(TEST_HOST)";
				CODE_SIGN_STYLE = Automatic;
				CURRENT_PROJECT_VERSION = 1;
				DEVELOPMENT_TEAM = 34VENSFD79;
				GENERATE_INFOPLIST_FILE = YES;
				IPHONEOS_DEPLOYMENT_TARGET = 16.1;
				MARKETING_VERSION = 1.0;
				PRODUCT_BUNDLE_IDENTIFIER = com.rodolfocomparsi.NetflixLoginPageTests;
				PRODUCT_NAME = "$(TARGET_NAME)";
				SWIFT_EMIT_LOC_STRINGS = NO;
				SWIFT_VERSION = 5.0;
				TARGETED_DEVICE_FAMILY = "1,2";
				TEST_HOST = "$(BUILT_PRODUCTS_DIR)/NetflixLoginPage.app/$(BUNDLE_EXECUTABLE_FOLDER_PATH)/NetflixLoginPage";
			};
			name = Release;
		};
		7691450329227C6700A4B028 /* Debug */ = {
			isa = XCBuildConfiguration;
			buildSettings = {
				ALWAYS_EMBED_SWIFT_STANDARD_LIBRARIES = YES;
				CODE_SIGN_STYLE = Automatic;
				CURRENT_PROJECT_VERSION = 1;
				DEVELOPMENT_TEAM = 34VENSFD79;
				GENERATE_INFOPLIST_FILE = YES;
				MARKETING_VERSION = 1.0;
				PRODUCT_BUNDLE_IDENTIFIER = com.rodolfocomparsi.NetflixLoginPageUITests;
				PRODUCT_NAME = "$(TARGET_NAME)";
				SWIFT_EMIT_LOC_STRINGS = NO;
				SWIFT_VERSION = 5.0;
				TARGETED_DEVICE_FAMILY = "1,2";
				TEST_TARGET_NAME = NetflixLoginPage;
			};
			name = Debug;
		};
		7691450429227C6700A4B028 /* Release */ = {
			isa = XCBuildConfiguration;
			buildSettings = {
				ALWAYS_EMBED_SWIFT_STANDARD_LIBRARIES = YES;
				CODE_SIGN_STYLE = Automatic;
				CURRENT_PROJECT_VERSION = 1;
				DEVELOPMENT_TEAM = 34VENSFD79;
				GENERATE_INFOPLIST_FILE = YES;
				MARKETING_VERSION = 1.0;
				PRODUCT_BUNDLE_IDENTIFIER = com.rodolfocomparsi.NetflixLoginPageUITests;
				PRODUCT_NAME = "$(TARGET_NAME)";
				SWIFT_EMIT_LOC_STRINGS = NO;
				SWIFT_VERSION = 5.0;
				TARGETED_DEVICE_FAMILY = "1,2";
				TEST_TARGET_NAME = NetflixLoginPage;
			};
			name = Release;
		};
/* End XCBuildConfiguration section */

/* Begin XCConfigurationList section */
		769144D329227C6600A4B028 /* Build configuration list for PBXProject "NetflixLoginPage" */ = {
			isa = XCConfigurationList;
			buildConfigurations = (
				769144FA29227C6700A4B028 /* Debug */,
				769144FB29227C6700A4B028 /* Release */,
			);
			defaultConfigurationIsVisible = 0;
			defaultConfigurationName = Release;
		};
		769144FC29227C6700A4B028 /* Build configuration list for PBXNativeTarget "NetflixLoginPage" */ = {
			isa = XCConfigurationList;
			buildConfigurations = (
				769144FD29227C6700A4B028 /* Debug */,
				769144FE29227C6700A4B028 /* Release */,
			);
			defaultConfigurationIsVisible = 0;
			defaultConfigurationName = Release;
		};
		769144FF29227C6700A4B028 /* Build configuration list for PBXNativeTarget "NetflixLoginPageTests" */ = {
			isa = XCConfigurationList;
			buildConfigurations = (
				7691450029227C6700A4B028 /* Debug */,
				7691450129227C6700A4B028 /* Release */,
			);
			defaultConfigurationIsVisible = 0;
			defaultConfigurationName = Release;
		};
		7691450229227C6700A4B028 /* Build configuration list for PBXNativeTarget "NetflixLoginPageUITests" */ = {
			isa = XCConfigurationList;
			buildConfigurations = (
				7691450329227C6700A4B028 /* Debug */,
				7691450429227C6700A4B028 /* Release */,
			);
			defaultConfigurationIsVisible = 0;
			defaultConfigurationName = Release;
		};
/* End XCConfigurationList section */
	};
	rootObject = 769144D029227C6600A4B028 /* Project object */;
}
